
Microsoft Visual Studio Solution File, Format Version 12.00
# Visual Studio Version 17
VisualStudioVersion = 17.8.34525.116
MinimumVisualStudioVersion = 10.0.40219.1
Project("{FAE04EC0-301F-11D3-BF4B-00C04F79EFBC}") = "HospitalLocatorApp", "HospitalLocatorApp\HospitalLocatorApp.csproj", "{32E671E9-6039-4021-A1A0-365A9F59891B}"
EndProject
Global
	GlobalSection(SolutionConfigurationPlatforms) = preSolution
		Debug|Any CPU = Debug|Any CPU
		Release|Any CPU = Release|Any CPU
	EndGlobalSection
	GlobalSection(ProjectConfigurationPlatforms) = postSolution
		{32E671E9-6039-4021-A1A0-365A9F59891B}.Debug|Any CPU.ActiveCfg = Debug|Any CPU
		{32E671E9-6039-4021-A1A0-365A9F59891B}.Debug|Any CPU.Build.0 = Debug|Any CPU
		{32E671E9-6039-4021-A1A0-365A9F59891B}.Release|Any CPU.ActiveCfg = Release|Any CPU
		{32E671E9-6039-4021-A1A0-365A9F59891B}.Release|Any CPU.Build.0 = Release|Any CPU
	EndGlobalSection
	GlobalSection(SolutionProperties) = preSolution
		HideSolutionNode = FALSE
	EndGlobalSection
	GlobalSection(ExtensibilityGlobals) = postSolution
		SolutionGuid = {B0333928-CB86-490A-AAFD-0929CA364A90}
	EndGlobalSection
EndGlobal
